// !$*UTF8*$!
{
	archiveVersion = 1;
	classes = {
	};
	objectVersion = 46;
	objects = {

/* Begin PBXBuildFile section */
		464E02221E3E4279008CA04E /* AppDelegate.swift in Sources */ = {isa = PBXBuildFile; fileRef = 464E02211E3E4279008CA04E /* AppDelegate.swift */; };
		464E02241E3E4279008CA04E /* ViewController.swift in Sources */ = {isa = PBXBuildFile; fileRef = 464E02231E3E4279008CA04E /* ViewController.swift */; };
		464E02271E3E4279008CA04E /* Main.storyboard in Resources */ = {isa = PBXBuildFile; fileRef = 464E02251E3E4279008CA04E /* Main.storyboard */; };
		464E02291E3E4279008CA04E /* Assets.xcassets in Resources */ = {isa = PBXBuildFile; fileRef = 464E02281E3E4279008CA04E /* Assets.xcassets */; };
		464E022C1E3E4279008CA04E /* LaunchScreen.storyboard in Resources */ = {isa = PBXBuildFile; fileRef = 464E022A1E3E4279008CA04E /* LaunchScreen.storyboard */; };
/* End PBXBuildFile section */

/* Begin PBXFileReference section */
		464E021E1E3E4279008CA04E /* PokieDex3.app */ = {isa = PBXFileReference; explicitFileType = wrapper.application; includeInIndex = 0; path = PokieDex3.app; sourceTree = BUILT_PRODUCTS_DIR; };
		464E02211E3E4279008CA04E /* AppDelegate.swift */ = {isa = PBXFileReference; lastKnownFileType = sourcecode.swift; path = AppDelegate.swift; sourceTree = "<group>"; };
		464E02231E3E4279008CA04E /* ViewController.swift */ = {isa = PBXFileReference; lastKnownFileType = sourcecode.swift; path = ViewController.swift; sourceTree = "<group>"; };
		464E02261E3E4279008CA04E /* Base */ = {isa = PBXFileReference; lastKnownFileType = file.storyboard; name = Base; path = Base.lproj/Main.storyboard; sourceTree = "<group>"; };
		464E02281E3E4279008CA04E /* Assets.xcassets */ = {isa = PBXFileReference; lastKnownFileType = folder.assetcatalog; path = Assets.xcassets; sourceTree = "<group>"; };
		464E022B1E3E4279008CA04E /* Base */ = {isa = PBXFileReference; lastKnownFileType = file.storyboard; name = Base; path = Base.lproj/LaunchScreen.storyboard; sourceTree = "<group>"; };
		464E022D1E3E4279008CA04E /* Info.plist */ = {isa = PBXFileReference; lastKnownFileType = text.plist.xml; path = Info.plist; sourceTree = "<group>"; };
/* End PBXFileReference section */

/* Begin PBXFrameworksBuildPhase section */
		464E021B1E3E4279008CA04E /* Frameworks */ = {
			isa = PBXFrameworksBuildPhase;
			buildActionMask = 2147483647;
			files = (
			);
			runOnlyForDeploymentPostprocessing = 0;
		};
/* End PBXFrameworksBuildPhase section */

/* Begin PBXGroup section */
		464E02151E3E4279008CA04E = {
			isa = PBXGroup;
			children = (
				464E02201E3E4279008CA04E /* PokieDex3 */,
				464E021F1E3E4279008CA04E /* Products */,
			);
			sourceTree = "<group>";
		};
		464E021F1E3E4279008CA04E /* Products */ = {
			isa = PBXGroup;
			children = (
				464E021E1E3E4279008CA04E /* PokieDex3.app */,
			);
			name = Products;
			sourceTree = "<group>";
		};
		464E02201E3E4279008CA04E /* PokieDex3 */ = {
			isa = PBXGroup;
			children = (
				464E02211E3E4279008CA04E /* AppDelegate.swift */,
				464E02231E3E4279008CA04E /* ViewController.swift */,
				464E02251E3E4279008CA04E /* Main.storyboard */,
				464E02281E3E4279008CA04E /* Assets.xcassets */,
				464E022A1E3E4279008CA04E /* LaunchScreen.storyboard */,
				464E022D1E3E4279008CA04E /* Info.plist */,
			);
			path = PokieDex3;
			sourceTree = "<group>";
		};
/* End PBXGroup section */

/* Begin PBXNativeTarget section */
		464E021D1E3E4279008CA04E /* PokieDex3 */ = {
			isa = PBXNativeTarget;
			buildConfigurationList = 464E02301E3E4279008CA04E /* Build configuration list for PBXNativeTarget "PokieDex3" */;
			buildPhases = (
				464E021A1E3E4279008CA04E /* Sources */,
				464E021B1E3E4279008CA04E /* Frameworks */,
				464E021C1E3E4279008CA04E /* Resources */,
			);
			buildRules = (
			);
			dependencies = (
			);
			name = PokieDex3;
			productName = PokieDex3;
			productReference = 464E021E1E3E4279008CA04E /* PokieDex3.app */;
			productType = "com.apple.product-type.application";
		};
/* End PBXNativeTarget section */

/* Begin PBXProject section */
		464E02161E3E4279008CA04E /* Project object */ = {
			isa = PBXProject;
			attributes = {
				LastSwiftUpdateCheck = 0820;
				LastUpgradeCheck = 0820;
				ORGANIZATIONNAME = "App Whole";
				TargetAttributes = {
					464E021D1E3E4279008CA04E = {
						CreatedOnToolsVersion = 8.2.1;
						DevelopmentTeam = 95F8PNQ5H2;
						ProvisioningStyle = Automatic;
					};
				};
			};
			buildConfigurationList = 464E02191E3E4279008CA04E /* Build configuration list for PBXProject "PokieDex3" */;
			compatibilityVersion = "Xcode 3.2";
			developmentRegion = English;
			hasScannedForEncodings = 0;
			knownRegions = (
				en,
				Base,
			);
			mainGroup = 464E02151E3E4279008CA04E;
			productRefGroup = 464E021F1E3E4279008CA04E /* Products */;
			projectDirPath = "";
			projectRoot = "";
			targets = (
				464E021D1E3E4279008CA04E /* PokieDex3 */,
			);
		};
/* End PBXProject section */

/* Begin PBXResourcesBuildPhase section */
		464E021C1E3E4279008CA04E /* Resources */ = {
			isa = PBXResourcesBuildPhase;
			buildActionMask = 2147483647;
			files = (
				464E022C1E3E4279008CA04E /* LaunchScreen.storyboard in Resources */,
				464E02291E3E4279008CA04E /* Assets.xcassets in Resources */,
				464E02271E3E4279008CA04E /* Main.storyboard in Resources */,
			);
			runOnlyForDeploymentPostprocessing = 0;
		};
/* End PBXResourcesBuildPhase section */

/* Begin PBXSourcesBuildPhase section */
		464E021A1E3E4279008CA04E /* Sources */ = {
			isa = PBXSourcesBuildPhase;
			buildActionMask = 2147483647;
			files = (
				464E02241E3E4279008CA04E /* ViewController.swift in Sources */,
				464E02221E3E4279008CA04E /* AppDelegate.swift in Sources */,
			);
			runOnlyForDeploymentPostprocessing = 0;
		};
/* End PBXSourcesBuildPhase section */

/* Begin PBXVariantGroup section */
		464E02251E3E4279008CA04E /* Main.storyboard */ = {
			isa = PBXVariantGroup;
			children = (
				464E02261E3E4279008CA04E /* Base */,
			);
			name = Main.storyboard;
			sourceTree = "<group>";
		};
		464E022A1E3E4279008CA04E /* LaunchScreen.storyboard */ = {
			isa = PBXVariantGroup;
			children = (
				464E022B1E3E4279008CA04E /* Base */,
			);
			name = LaunchScreen.storyboard;
			sourceTree = "<group>";
		};
/* End PBXVariantGroup section */

/* Begin XCBuildConfiguration section */
		464E022E1E3E4279008CA04E /* Debug */ = {
			isa = XCBuildConfiguration;
			buildSettings = {
				ALWAYS_SEARCH_USER_PATHS = NO;
				CLANG_ANALYZER_NONNULL = YES;
				CLANG_CXX_LANGUAGE_STANDARD = "gnu++0x";
				CLANG_CXX_LIBRARY = "libc++";
				CLANG_ENABLE_MODULES = YES;
				CLANG_ENABLE_OBJC_ARC = YES;
				CLANG_WARN_BOOL_CONVERSION = YES;
				CLANG_WARN_CONSTANT_CONVERSION = YES;
				CLANG_WARN_DIRECT_OBJC_ISA_USAGE = YES_ERROR;
				CLANG_WARN_DOCUMENTATION_COMMENTS = YES;
				CLANG_WARN_EMPTY_BODY = YES;
				CLANG_WARN_ENUM_CONVERSION = YES;
				CLANG_WARN_INFINITE_RECURSION = YES;
				CLANG_WARN_INT_CONVERSION = YES;
				CLANG_WARN_OBJC_ROOT_CLASS = YES_ERROR;
				CLANG_WARN_SUSPICIOUS_MOVE = YES;
				CLANG_WARN_UNREACHABLE_CODE = YES;
				CLANG_WARN__DUPLICATE_METHOD_MATCH = YES;
				"CODE_SIGN_IDENTITY[sdk=iphoneos*]" = "iPhone Developer";
				COPY_PHASE_STRIP = NO;
				DEBUG_INFORMATION_FORMAT = dwarf;
				ENABLE_STRICT_OBJC_MSGSEND = YES;
				ENABLE_TESTABILITY = YES;
				GCC_C_LANGUAGE_STANDARD = gnu99;
				GCC_DYNAMIC_NO_PIC = NO;
				GCC_NO_COMMON_BLOCKS = YES;
				GCC_OPTIMIZATION_LEVEL = 0;
				GCC_PREPROCESSOR_DEFINITIONS = (
					"DEBUG=1",
					"$(inherited)",
				);
				GCC_WARN_64_TO_32_BIT_CONVERSION = YES;
				GCC_WARN_ABOUT_RETURN_TYPE = YES_ERROR;
				GCC_WARN_UNDECLARED_SELECTOR = YES;
				GCC_WARN_UNINITIALIZED_AUTOS = YES_AGGRESSIVE;
				GCC_WARN_UNUSED_FUNCTION = YES;
				GCC_WARN_UNUSED_VARIABLE = YES;
				IPHONEOS_DEPLOYMENT_TARGET = 10.2;
				MTL_ENABLE_DEBUG_INFO = YES;
				ONLY_ACTIVE_ARCH = YES;
				SDKROOT = iphoneos;
				SWIFT_ACTIVE_COMPILATION_CONDITIONS = DEBUG;
				SWIFT_OPTIMIZATION_LEVEL = "-Onone";
				TARGETED_DEVICE_FAMILY = "1,2";
			};
			name = Debug;
		};
		464E022F1E3E4279008CA04E /* Release */ = {
			isa = XCBuildConfiguration;
			buildSettings = {
				ALWAYS_SEARCH_USER_PATHS = NO;
				CLANG_ANALYZER_NONNULL = YES;
				CLANG_CXX_LANGUAGE_STANDARD = "gnu++0x";
				CLANG_CXX_LIBRARY = "libc++";
				CLANG_ENABLE_MODULES = YES;
				CLANG_ENABLE_OBJC_ARC = YES;
				CLANG_WARN_BOOL_CONVERSION = YES;
				CLANG_WARN_CONSTANT_CONVERSION = YES;
				CLANG_WARN_DIRECT_OBJC_ISA_USAGE = YES_ERROR;
				CLANG_WARN_DOCUMENTATION_COMMENTS = YES;
				CLANG_WARN_EMPTY_BODY = YES;
				CLANG_WARN_ENUM_CONVERSION = YES;
				CLANG_WARN_INFINITE_RECURSION = YES;
				CLANG_WARN_INT_CONVERSION = YES;
				CLANG_WARN_OBJC_ROOT_CLASS = YES_ERROR;
				CLANG_WARN_SUSPICIOUS_MOVE = YES;
				CLANG_WARN_UNREACHABLE_CODE = YES;
				CLANG_WARN__DUPLICATE_METHOD_MATCH = YES;
				"CODE_SIGN_IDENTITY[sdk=iphoneos*]" = "iPhone Developer";
				COPY_PHASE_STRIP = NO;
				DEBUG_INFORMATION_FORMAT = "dwarf-with-dsym";
				ENABLE_NS_ASSERTIONS = NO;
				ENABLE_STRICT_OBJC_MSGSEND = YES;
				GCC_C_LANGUAGE_STANDARD = gnu99;
				GCC_NO_COMMON_BLOCKS = YES;
				GCC_WARN_64_TO_32_BIT_CONVERSION = YES;
				GCC_WARN_ABOUT_RETURN_TYPE = YES_ERROR;
				GCC_WARN_UNDECLARED_SELECTOR = YES;
				GCC_WARN_UNINITIALIZED_AUTOS = YES_AGGRESSIVE;
				GCC_WARN_UNUSED_FUNCTION = YES;
				GCC_WARN_UNUSED_VARIABLE = YES;
				IPHONEOS_DEPLOYMENT_TARGET = 10.2;
				MTL_ENABLE_DEBUG_INFO = NO;
				SDKROOT = iphoneos;
				SWIFT_OPTIMIZATION_LEVEL = "-Owholemodule";
				TARGETED_DEVICE_FAMILY = "1,2";
				VALIDATE_PRODUCT = YES;
			};
			name = Release;
		};
		464E02311E3E4279008CA04E /* Debug */ = {
			isa = XCBuildConfiguration;
			buildSettings = {
				ASSETCATALOG_COMPILER_APPICON_NAME = AppIcon;
				DEVELOPMENT_TEAM = 95F8PNQ5H2;
				INFOPLIST_FILE = PokieDex3/Info.plist;
				LD_RUNPATH_SEARCH_PATHS = "$(inherited) @executable_path/Frameworks";
				PRODUCT_BUNDLE_IDENTIFIER = "App-Whole.PokieDex3";
				PRODUCT_NAME = "$(TARGET_NAME)";
				SWIFT_VERSION = 3.0;
			};
			name = Debug;
		};
		464E02321E3E4279008CA04E /* Release */ = {
			isa = XCBuildConfiguration;
			buildSettings = {
				ASSETCATALOG_COMPILER_APPICON_NAME = AppIcon;
				DEVELOPMENT_TEAM = 95F8PNQ5H2;
				INFOPLIST_FILE = PokieDex3/Info.plist;
				LD_RUNPATH_SEARCH_PATHS = "$(inherited) @executable_path/Frameworks";
				PRODUCT_BUNDLE_IDENTIFIER = "App-Whole.PokieDex3";
				PRODUCT_NAME = "$(TARGET_NAME)";
				SWIFT_VERSION = 3.0;
			};
			name = Release;
		};
/* End XCBuildConfiguration section */

/* Begin XCConfigurationList section */
		464E02191E3E4279008CA04E /* Build configuration list for PBXProject "PokieDex3" */ = {
			isa = XCConfigurationList;
			buildConfigurations = (
				464E022E1E3E4279008CA04E /* Debug */,
				464E022F1E3E4279008CA04E /* Release */,
			);
			defaultConfigurationIsVisible = 0;
			defaultConfigurationName = Release;
		};
		464E02301E3E4279008CA04E /* Build configuration list for PBXNativeTarget "PokieDex3" */ = {
			isa = XCConfigurationList;
			buildConfigurations = (
				464E02311E3E4279008CA04E /* Debug */,
				464E02321E3E4279008CA04E /* Release */,
			);
			defaultConfigurationIsVisible = 0;
		};
/* End XCConfigurationList section */
	};
	rootObject = 464E02161E3E4279008CA04E /* Project object */;
}
